
Microsoft Visual Studio Solution File, Format Version 12.00
# Visual Studio Version 17
VisualStudioVersion = 17.8.34330.188
MinimumVisualStudioVersion = 10.0.40219.1
Project("{9A19103F-16F7-4668-BE54-9A1E7A4F7556}") = "DocumentFlow", "DocumentFlow\DocumentFlow.csproj", "{2F3837DB-9ADC-4A79-B6F0-141999309382}"
EndProject
Project("{FAE04EC0-301F-11D3-BF4B-00C04F79EFBC}") = "DocumentFlow.Ghostscript", "DocumentFlow.Ghostscript\DocumentFlow.Ghostscript.csproj", "{88A90DEE-2FBD-4A9C-AE7A-6F9EFF10E864}"
EndProject
Global
	GlobalSection(SolutionConfigurationPlatforms) = preSolution
		Debug|Any CPU = Debug|Any CPU
		Debug|x64 = Debug|x64
		Release|Any CPU = Release|Any CPU
		Release|x64 = Release|x64
	EndGlobalSection
	GlobalSection(ProjectConfigurationPlatforms) = postSolution
		{2F3837DB-9ADC-4A79-B6F0-141999309382}.Debug|Any CPU.ActiveCfg = Debug|Any CPU
		{2F3837DB-9ADC-4A79-B6F0-141999309382}.Debug|Any CPU.Build.0 = Debug|Any CPU
		{2F3837DB-9ADC-4A79-B6F0-141999309382}.Debug|x64.ActiveCfg = Debug|Any CPU
		{2F3837DB-9ADC-4A79-B6F0-141999309382}.Debug|x64.Build.0 = Debug|Any CPU
		{2F3837DB-9ADC-4A79-B6F0-141999309382}.Release|Any CPU.ActiveCfg = Release|Any CPU
		{2F3837DB-9ADC-4A79-B6F0-141999309382}.Release|Any CPU.Build.0 = Release|Any CPU
		{2F3837DB-9ADC-4A79-B6F0-141999309382}.Release|x64.ActiveCfg = Release|Any CPU
		{2F3837DB-9ADC-4A79-B6F0-141999309382}.Release|x64.Build.0 = Release|Any CPU
		{88A90DEE-2FBD-4A9C-AE7A-6F9EFF10E864}.Debug|Any CPU.ActiveCfg = Debug|Any CPU
		{88A90DEE-2FBD-4A9C-AE7A-6F9EFF10E864}.Debug|Any CPU.Build.0 = Debug|Any CPU
		{88A90DEE-2FBD-4A9C-AE7A-6F9EFF10E864}.Debug|x64.ActiveCfg = Debug|Any CPU
		{88A90DEE-2FBD-4A9C-AE7A-6F9EFF10E864}.Debug|x64.Build.0 = Debug|Any CPU
		{88A90DEE-2FBD-4A9C-AE7A-6F9EFF10E864}.Release|Any CPU.ActiveCfg = Release|Any CPU
		{88A90DEE-2FBD-4A9C-AE7A-6F9EFF10E864}.Release|Any CPU.Build.0 = Release|Any CPU
		{88A90DEE-2FBD-4A9C-AE7A-6F9EFF10E864}.Release|x64.ActiveCfg = Release|Any CPU
		{88A90DEE-2FBD-4A9C-AE7A-6F9EFF10E864}.Release|x64.Build.0 = Release|Any CPU
	EndGlobalSection
	GlobalSection(SolutionProperties) = preSolution
		HideSolutionNode = FALSE
	EndGlobalSection
	GlobalSection(ExtensibilityGlobals) = postSolution
		SolutionGuid = {BEE98C03-F59A-4BB7-8301-F1D854F926B7}
	EndGlobalSection
EndGlobal
